
Microsoft Visual Studio Solution File, Format Version 12.00
# Visual Studio Version 17
VisualStudioVersion = 17.4.33213.308
MinimumVisualStudioVersion = 10.0.40219.1
Project("{FAE04EC0-301F-11D3-BF4B-00C04F79EFBC}") = "RadencyLibrary", "RadencyLibrary\RadencyLibrary.csproj", "{DA68397A-75FA-43F6-B5CD-86758C7728ED}"
EndProject
Project("{FAE04EC0-301F-11D3-BF4B-00C04F79EFBC}") = "RadencyLibraryInfrastructure", "RadencyLibraryInfrastructure\RadencyLibraryInfrastructure.csproj", "{9C2A1C1D-F80D-4612-83FA-224B33CE9344}"
EndProject
Project("{FAE04EC0-301F-11D3-BF4B-00C04F79EFBC}") = "RadencyLibraryDomain", "RadencyLibraryDomain\RadencyLibraryDomain.csproj", "{EEE3703D-5C57-42BA-A952-0C8781C7BE1E}"
EndProject
Global
	GlobalSection(SolutionConfigurationPlatforms) = preSolution
		Debug|Any CPU = Debug|Any CPU
		Release|Any CPU = Release|Any CPU
	EndGlobalSection
	GlobalSection(ProjectConfigurationPlatforms) = postSolution
		{DA68397A-75FA-43F6-B5CD-86758C7728ED}.Debug|Any CPU.ActiveCfg = Debug|Any CPU
		{DA68397A-75FA-43F6-B5CD-86758C7728ED}.Debug|Any CPU.Build.0 = Debug|Any CPU
		{DA68397A-75FA-43F6-B5CD-86758C7728ED}.Release|Any CPU.ActiveCfg = Release|Any CPU
		{DA68397A-75FA-43F6-B5CD-86758C7728ED}.Release|Any CPU.Build.0 = Release|Any CPU
		{9C2A1C1D-F80D-4612-83FA-224B33CE9344}.Debug|Any CPU.ActiveCfg = Debug|Any CPU
		{9C2A1C1D-F80D-4612-83FA-224B33CE9344}.Debug|Any CPU.Build.0 = Debug|Any CPU
		{9C2A1C1D-F80D-4612-83FA-224B33CE9344}.Release|Any CPU.ActiveCfg = Release|Any CPU
		{9C2A1C1D-F80D-4612-83FA-224B33CE9344}.Release|Any CPU.Build.0 = Release|Any CPU
		{EEE3703D-5C57-42BA-A952-0C8781C7BE1E}.Debug|Any CPU.ActiveCfg = Debug|Any CPU
		{EEE3703D-5C57-42BA-A952-0C8781C7BE1E}.Debug|Any CPU.Build.0 = Debug|Any CPU
		{EEE3703D-5C57-42BA-A952-0C8781C7BE1E}.Release|Any CPU.ActiveCfg = Release|Any CPU
		{EEE3703D-5C57-42BA-A952-0C8781C7BE1E}.Release|Any CPU.Build.0 = Release|Any CPU
	EndGlobalSection
	GlobalSection(SolutionProperties) = preSolution
		HideSolutionNode = FALSE
	EndGlobalSection
	GlobalSection(ExtensibilityGlobals) = postSolution
		SolutionGuid = {625594B9-5F57-4B51-8759-3556099941AD}
	EndGlobalSection
EndGlobal
